
Microsoft Visual Studio Solution File, Format Version 12.00
# Visual Studio 14
VisualStudioVersion = 14.0.25123.0
MinimumVisualStudioVersion = 10.0.40219.1
Project("{2150E333-8FDC-42A3-9474-1A3956D46DE8}") = "Solution Items", "Solution Items", "{6F767DB6-BC51-4170-8A02-175013E11A3F}"
	ProjectSection(SolutionItems) = preProject
		credentials.js = credentials.js
		github-dashboard = github-dashboard
		OpenPRs.html = OpenPRs.html
		README.md = README.md
	EndProjectSection
EndProject
Global
	GlobalSection(SolutionProperties) = preSolution
		HideSolutionNode = FALSE
	EndGlobalSection
EndGlobal
